# This file is generated by running "yarn install" inside your project.
# Manual changes might be lost - proceed with caution!

__metadata:
  version: 8
  cacheKey: 10c0

"@actions/core@npm:^1.10.1":
  version: 1.10.1
  resolution: "@actions/core@npm:1.10.1"
  dependencies:
    "@actions/http-client": "npm:^2.0.1"
    uuid: "npm:^8.3.2"
  checksum: 10c0/7a61446697a23dcad3545cf0634dedbdedf20ae9a0ee6ee977554589a15deb4a93593ee48a41258933d58ce0778f446b0d2c162b60750956fb75e0b9560fb832
  languageName: node
  linkType: hard

"@actions/http-client@npm:^2.0.1":
  version: 2.2.1
  resolution: "@actions/http-client@npm:2.2.1"
  dependencies:
    tunnel: "npm:^0.0.6"
    undici: "npm:^5.25.4"
  checksum: 10c0/371771e68fcfe1383e59657eb5bc421aba5e1826f5e497efd826236b64fc1ff11f0bc91f936d7f1086f6bb3fd209736425a4d357b98fdfb7a8d054cbb84680e8
  languageName: node
  linkType: hard

"@fastify/busboy@npm:^2.0.0":
  version: 2.1.1
  resolution: "@fastify/busboy@npm:2.1.1"
  checksum: 10c0/6f8027a8cba7f8f7b736718b013f5a38c0476eea67034c94a0d3c375e2b114366ad4419e6a6fa7ffc2ef9c6d3e0435d76dd584a7a1cbac23962fda7650b579e3
  languageName: node
  linkType: hard

"github-actions-by-typescript@workspace:.":
  version: 0.0.0-use.local
  resolution: "github-actions-by-typescript@workspace:."
  dependencies:
    "@actions/core": "npm:^1.10.1"
    typescript: "npm:^5.4.2"
  languageName: unknown
  linkType: soft

"tunnel@npm:^0.0.6":
  version: 0.0.6
  resolution: "tunnel@npm:0.0.6"
  checksum: 10c0/e27e7e896f2426c1c747325b5f54efebc1a004647d853fad892b46d64e37591ccd0b97439470795e5262b5c0748d22beb4489a04a0a448029636670bfd801b75
  languageName: node
  linkType: hard

"typescript@npm:^5.4.2":
  version: 5.4.2
  resolution: "typescript@npm:5.4.2"
  bin:
    tsc: bin/tsc
    tsserver: bin/tsserver
  checksum: 10c0/583ff68cafb0c076695f72d61df6feee71689568179fb0d3a4834dac343df6b6ed7cf7b6f6c801fa52d43cd1d324e2f2d8ae4497b09f9e6cfe3d80a6d6c9ca52
  languageName: node
  linkType: hard

"typescript@patch:typescript@npm%3A^5.4.2#optional!builtin<compat/typescript>":
  version: 5.4.2
  resolution: "typescript@patch:typescript@npm%3A5.4.2#optional!builtin<compat/typescript>::version=5.4.2&hash=5adc0c"
  bin:
    tsc: bin/tsc
    tsserver: bin/tsserver
  checksum: 10c0/fcf6658073d07283910d9a0e04b1d5d0ebc822c04dbb7abdd74c3151c7aa92fcddbac7d799404e358197222006ccdc4c0db219d223d2ee4ccd9e2b01333b49be
  languageName: node
  linkType: hard

"undici@npm:^5.25.4":
  version: 5.28.3
  resolution: "undici@npm:5.28.3"
  dependencies:
    "@fastify/busboy": "npm:^2.0.0"
  checksum: 10c0/3c559ae50ef3104b7085251445dda6f4de871553b9e290845649d2f80b06c0c9cfcdf741b0029c6b20d36c82e6a74dc815b139fa9a26757d70728074ca6d6f5c
  languageName: node
  linkType: hard

"uuid@npm:^8.3.2":
  version: 8.3.2
  resolution: "uuid@npm:8.3.2"
  bin:
    uuid: dist/bin/uuid
  checksum: 10c0/bcbb807a917d374a49f475fae2e87fdca7da5e5530820ef53f65ba1d12131bd81a92ecf259cc7ce317cbe0f289e7d79fdfebcef9bfa3087c8c8a2fa304c9be54
  languageName: node
  linkType: hard
